
Microsoft Visual Studio Solution File, Format Version 12.00
# Visual Studio Version 16
VisualStudioVersion = 16.0.32106.194
MinimumVisualStudioVersion = 10.0.40219.1
Project("{FAE04EC0-301F-11D3-BF4B-00C04F79EFBC}") = "practiceCore", "practiceCore\practiceCore.csproj", "{FB19F28A-3C85-4BB1-9374-D41CCC0CE44D}"
EndProject
Global
	GlobalSection(SolutionConfigurationPlatforms) = preSolution
		Debug|Any CPU = Debug|Any CPU
		Release|Any CPU = Release|Any CPU
	EndGlobalSection
	GlobalSection(ProjectConfigurationPlatforms) = postSolution
		{FB19F28A-3C85-4BB1-9374-D41CCC0CE44D}.Debug|Any CPU.ActiveCfg = Debug|Any CPU
		{FB19F28A-3C85-4BB1-9374-D41CCC0CE44D}.Debug|Any CPU.Build.0 = Debug|Any CPU
		{FB19F28A-3C85-4BB1-9374-D41CCC0CE44D}.Release|Any CPU.ActiveCfg = Release|Any CPU
		{FB19F28A-3C85-4BB1-9374-D41CCC0CE44D}.Release|Any CPU.Build.0 = Release|Any CPU
	EndGlobalSection
	GlobalSection(SolutionProperties) = preSolution
		HideSolutionNode = FALSE
	EndGlobalSection
	GlobalSection(ExtensibilityGlobals) = postSolution
		SolutionGuid = {A3FCBFC4-EE54-4FC4-BA4D-728665D6E2B5}
	EndGlobalSection
EndGlobal
